
Microsoft Visual Studio Solution File, Format Version 12.00
# Visual Studio Version 16
VisualStudioVersion = 16.0.33927.289
MinimumVisualStudioVersion = 10.0.40219.1
Project("{FAE04EC0-301F-11D3-BF4B-00C04F79EFBC}") = "WebApplication2", "WebApplication2\WebApplication2.csproj", "{B83B20E4-5520-4424-B891-C8739EC3E714}"
EndProject
Global
	GlobalSection(SolutionConfigurationPlatforms) = preSolution
		Debug|Any CPU = Debug|Any CPU
		Release|Any CPU = Release|Any CPU
	EndGlobalSection
	GlobalSection(ProjectConfigurationPlatforms) = postSolution
		{B83B20E4-5520-4424-B891-C8739EC3E714}.Debug|Any CPU.ActiveCfg = Debug|Any CPU
		{B83B20E4-5520-4424-B891-C8739EC3E714}.Debug|Any CPU.Build.0 = Debug|Any CPU
		{B83B20E4-5520-4424-B891-C8739EC3E714}.Release|Any CPU.ActiveCfg = Release|Any CPU
		{B83B20E4-5520-4424-B891-C8739EC3E714}.Release|Any CPU.Build.0 = Release|Any CPU
	EndGlobalSection
	GlobalSection(SolutionProperties) = preSolution
		HideSolutionNode = FALSE
	EndGlobalSection
	GlobalSection(ExtensibilityGlobals) = postSolution
		SolutionGuid = {95A8B662-2579-4AA3-A860-6F4886F934DB}
	EndGlobalSection
EndGlobal
